
Microsoft Visual Studio Solution File, Format Version 12.00
# Visual Studio Version 17
VisualStudioVersion = 17.3.32825.248
MinimumVisualStudioVersion = 10.0.40219.1
Project("{FAE04EC0-301F-11D3-BF4B-00C04F79EFBC}") = "CALCULATOR", "CALCULATOR\CALCULATOR.csproj", "{6DAEE1CD-1D02-425B-9700-37B0BE0EA3B5}"
EndProject
Global
	GlobalSection(SolutionConfigurationPlatforms) = preSolution
		Debug|Any CPU = Debug|Any CPU
		Release|Any CPU = Release|Any CPU
	EndGlobalSection
	GlobalSection(ProjectConfigurationPlatforms) = postSolution
		{6DAEE1CD-1D02-425B-9700-37B0BE0EA3B5}.Debug|Any CPU.ActiveCfg = Debug|Any CPU
		{6DAEE1CD-1D02-425B-9700-37B0BE0EA3B5}.Debug|Any CPU.Build.0 = Debug|Any CPU
		{6DAEE1CD-1D02-425B-9700-37B0BE0EA3B5}.Release|Any CPU.ActiveCfg = Release|Any CPU
		{6DAEE1CD-1D02-425B-9700-37B0BE0EA3B5}.Release|Any CPU.Build.0 = Release|Any CPU
	EndGlobalSection
	GlobalSection(SolutionProperties) = preSolution
		HideSolutionNode = FALSE
	EndGlobalSection
	GlobalSection(ExtensibilityGlobals) = postSolution
		SolutionGuid = {D5B8AD5E-CC4E-49C7-9CA6-6D6F56712345}
	EndGlobalSection
EndGlobal
